
Microsoft Visual Studio Solution File, Format Version 12.00
# Visual Studio 15
VisualStudioVersion = 15.0.26430.12
MinimumVisualStudioVersion = 10.0.40219.1
Project("{FAE04EC0-301F-11D3-BF4B-00C04F79EFBC}") = "Tarificateur", "Tarificateur\Tarificateur.csproj", "{D49F50D9-A422-4186-A3DC-CDC10926DBEF}"
EndProject
Project("{FAE04EC0-301F-11D3-BF4B-00C04F79EFBC}") = "DAL", "DAL\DAL.csproj", "{4ACA12EB-8EA7-4A4F-BD9D-78AC3366002B}"
EndProject
Project("{FAE04EC0-301F-11D3-BF4B-00C04F79EFBC}") = "Business", "Business\Business.csproj", "{30282A6E-FE91-4977-AFC8-7CC67146CEED}"
EndProject
Global
	GlobalSection(SolutionConfigurationPlatforms) = preSolution
		Debug|Any CPU = Debug|Any CPU
		Release|Any CPU = Release|Any CPU
	EndGlobalSection
	GlobalSection(ProjectConfigurationPlatforms) = postSolution
		{D49F50D9-A422-4186-A3DC-CDC10926DBEF}.Debug|Any CPU.ActiveCfg = Debug|Any CPU
		{D49F50D9-A422-4186-A3DC-CDC10926DBEF}.Debug|Any CPU.Build.0 = Debug|Any CPU
		{D49F50D9-A422-4186-A3DC-CDC10926DBEF}.Release|Any CPU.ActiveCfg = Release|Any CPU
		{D49F50D9-A422-4186-A3DC-CDC10926DBEF}.Release|Any CPU.Build.0 = Release|Any CPU
		{4ACA12EB-8EA7-4A4F-BD9D-78AC3366002B}.Debug|Any CPU.ActiveCfg = Debug|Any CPU
		{4ACA12EB-8EA7-4A4F-BD9D-78AC3366002B}.Debug|Any CPU.Build.0 = Debug|Any CPU
		{4ACA12EB-8EA7-4A4F-BD9D-78AC3366002B}.Release|Any CPU.ActiveCfg = Release|Any CPU
		{4ACA12EB-8EA7-4A4F-BD9D-78AC3366002B}.Release|Any CPU.Build.0 = Release|Any CPU
		{30282A6E-FE91-4977-AFC8-7CC67146CEED}.Debug|Any CPU.ActiveCfg = Debug|Any CPU
		{30282A6E-FE91-4977-AFC8-7CC67146CEED}.Debug|Any CPU.Build.0 = Debug|Any CPU
		{30282A6E-FE91-4977-AFC8-7CC67146CEED}.Release|Any CPU.ActiveCfg = Release|Any CPU
		{30282A6E-FE91-4977-AFC8-7CC67146CEED}.Release|Any CPU.Build.0 = Release|Any CPU
	EndGlobalSection
	GlobalSection(SolutionProperties) = preSolution
		HideSolutionNode = FALSE
	EndGlobalSection
EndGlobal
